
Microsoft Visual Studio Solution File, Format Version 12.00
# Visual Studio Version 16
VisualStudioVersion = 16.0.36422.26
MinimumVisualStudioVersion = 10.0.40219.1
Project("{FAE04EC0-301F-11D3-BF4B-00C04F79EFBC}") = "ManejoDeArreglos2", "ManejoDeArreglos2.csproj", "{1EFA58AB-F2BC-42DB-B545-A211A281D0F5}"
EndProject
Global
	GlobalSection(SolutionConfigurationPlatforms) = preSolution
		Debug|Any CPU = Debug|Any CPU
		Release|Any CPU = Release|Any CPU
	EndGlobalSection
	GlobalSection(ProjectConfigurationPlatforms) = postSolution
		{1EFA58AB-F2BC-42DB-B545-A211A281D0F5}.Debug|Any CPU.ActiveCfg = Debug|Any CPU
		{1EFA58AB-F2BC-42DB-B545-A211A281D0F5}.Debug|Any CPU.Build.0 = Debug|Any CPU
		{1EFA58AB-F2BC-42DB-B545-A211A281D0F5}.Release|Any CPU.ActiveCfg = Release|Any CPU
		{1EFA58AB-F2BC-42DB-B545-A211A281D0F5}.Release|Any CPU.Build.0 = Release|Any CPU
	EndGlobalSection
	GlobalSection(SolutionProperties) = preSolution
		HideSolutionNode = FALSE
	EndGlobalSection
	GlobalSection(ExtensibilityGlobals) = postSolution
		SolutionGuid = {95AD7CE6-92EA-483A-B453-1ECD29B77378}
	EndGlobalSection
EndGlobal
